
Microsoft Visual Studio Solution File, Format Version 12.00
# Visual Studio Version 16
VisualStudioVersion = 16.0.30114.105
MinimumVisualStudioVersion = 10.0.40219.1
Project("{2150E333-8FDC-42A3-9474-1A3956D46DE8}") = "src", "src", "{1C309BB3-8E48-4FC5-9E1F-77FDE84CF0C5}"
EndProject
Project("{FAE04EC0-301F-11D3-BF4B-00C04F79EFBC}") = "Client", "src\Client\Client.csproj", "{3EE28794-8339-4566-8E4C-328D4E28EE7D}"
EndProject
Project("{FAE04EC0-301F-11D3-BF4B-00C04F79EFBC}") = "Server", "src\Server\Server.csproj", "{1A6E0274-5A63-4096-9BC7-D57FD8FE3EF2}"
EndProject
Global
	GlobalSection(SolutionConfigurationPlatforms) = preSolution
		Debug|Any CPU = Debug|Any CPU
		Release|Any CPU = Release|Any CPU
	EndGlobalSection
	GlobalSection(SolutionProperties) = preSolution
		HideSolutionNode = FALSE
	EndGlobalSection
	GlobalSection(ProjectConfigurationPlatforms) = postSolution
		{3EE28794-8339-4566-8E4C-328D4E28EE7D}.Debug|Any CPU.ActiveCfg = Debug|Any CPU
		{3EE28794-8339-4566-8E4C-328D4E28EE7D}.Debug|Any CPU.Build.0 = Debug|Any CPU
		{3EE28794-8339-4566-8E4C-328D4E28EE7D}.Release|Any CPU.ActiveCfg = Release|Any CPU
		{3EE28794-8339-4566-8E4C-328D4E28EE7D}.Release|Any CPU.Build.0 = Release|Any CPU
		{1A6E0274-5A63-4096-9BC7-D57FD8FE3EF2}.Debug|Any CPU.ActiveCfg = Debug|Any CPU
		{1A6E0274-5A63-4096-9BC7-D57FD8FE3EF2}.Debug|Any CPU.Build.0 = Debug|Any CPU
		{1A6E0274-5A63-4096-9BC7-D57FD8FE3EF2}.Release|Any CPU.ActiveCfg = Release|Any CPU
		{1A6E0274-5A63-4096-9BC7-D57FD8FE3EF2}.Release|Any CPU.Build.0 = Release|Any CPU
	EndGlobalSection
	GlobalSection(NestedProjects) = preSolution
		{3EE28794-8339-4566-8E4C-328D4E28EE7D} = {1C309BB3-8E48-4FC5-9E1F-77FDE84CF0C5}
		{1A6E0274-5A63-4096-9BC7-D57FD8FE3EF2} = {1C309BB3-8E48-4FC5-9E1F-77FDE84CF0C5}
	EndGlobalSection
EndGlobal
